
Microsoft Visual Studio Solution File, Format Version 12.00
# Visual Studio Version 17
VisualStudioVersion = 17.13.35825.156 d17.13
MinimumVisualStudioVersion = 10.0.40219.1
Project("{FAE04EC0-301F-11D3-BF4B-00C04F79EFBC}") = "LuxuryCarRental", "LuxuryCarRental.csproj", "{2D80B56E-F4F1-4273-A5AD-B002EE507D1B}"
EndProject
Global
	GlobalSection(SolutionConfigurationPlatforms) = preSolution
		Debug|Any CPU = Debug|Any CPU
		Release|Any CPU = Release|Any CPU
	EndGlobalSection
	GlobalSection(ProjectConfigurationPlatforms) = postSolution
		{2D80B56E-F4F1-4273-A5AD-B002EE507D1B}.Debug|Any CPU.ActiveCfg = Debug|Any CPU
		{2D80B56E-F4F1-4273-A5AD-B002EE507D1B}.Debug|Any CPU.Build.0 = Debug|Any CPU
		{2D80B56E-F4F1-4273-A5AD-B002EE507D1B}.Release|Any CPU.ActiveCfg = Release|Any CPU
		{2D80B56E-F4F1-4273-A5AD-B002EE507D1B}.Release|Any CPU.Build.0 = Release|Any CPU
	EndGlobalSection
	GlobalSection(SolutionProperties) = preSolution
		HideSolutionNode = FALSE
	EndGlobalSection
	GlobalSection(ExtensibilityGlobals) = postSolution
		SolutionGuid = {12076164-1122-4F6C-BA1F-F7508DE7C407}
	EndGlobalSection
EndGlobal
